
Microsoft Visual Studio Solution File, Format Version 12.00
# Visual Studio Version 17
VisualStudioVersion = 17.11.35327.3
MinimumVisualStudioVersion = 10.0.40219.1
Project("{FAE04EC0-301F-11D3-BF4B-00C04F79EFBC}") = "CustomException", "CustomException\CustomException.csproj", "{AB2E209A-107B-4F03-AEE6-4C1239662BFC}"
EndProject
Global
	GlobalSection(SolutionConfigurationPlatforms) = preSolution
		Debug|Any CPU = Debug|Any CPU
		Release|Any CPU = Release|Any CPU
	EndGlobalSection
	GlobalSection(ProjectConfigurationPlatforms) = postSolution
		{AB2E209A-107B-4F03-AEE6-4C1239662BFC}.Debug|Any CPU.ActiveCfg = Debug|Any CPU
		{AB2E209A-107B-4F03-AEE6-4C1239662BFC}.Debug|Any CPU.Build.0 = Debug|Any CPU
		{AB2E209A-107B-4F03-AEE6-4C1239662BFC}.Release|Any CPU.ActiveCfg = Release|Any CPU
		{AB2E209A-107B-4F03-AEE6-4C1239662BFC}.Release|Any CPU.Build.0 = Release|Any CPU
	EndGlobalSection
	GlobalSection(SolutionProperties) = preSolution
		HideSolutionNode = FALSE
	EndGlobalSection
	GlobalSection(ExtensibilityGlobals) = postSolution
		SolutionGuid = {B2EAEB5A-13E2-436F-B0E6-3613E4124A24}
	EndGlobalSection
EndGlobal
